
Microsoft Visual Studio Solution File, Format Version 12.00
# Visual Studio Version 16
VisualStudioVersion = 16.0.29609.76
MinimumVisualStudioVersion = 10.0.40219.1
Project("{FAE04EC0-301F-11D3-BF4B-00C04F79EFBC}") = "HelloWorld", "HelloWorld\HelloWorld.csproj", "{079C93F1-C571-472C-A189-6E40CAC495F0}"
EndProject
Global
	GlobalSection(SolutionConfigurationPlatforms) = preSolution
		Debug|Any CPU = Debug|Any CPU
		Release|Any CPU = Release|Any CPU
	EndGlobalSection
	GlobalSection(ProjectConfigurationPlatforms) = postSolution
		{079C93F1-C571-472C-A189-6E40CAC495F0}.Debug|Any CPU.ActiveCfg = Debug|Any CPU
		{079C93F1-C571-472C-A189-6E40CAC495F0}.Debug|Any CPU.Build.0 = Debug|Any CPU
		{079C93F1-C571-472C-A189-6E40CAC495F0}.Release|Any CPU.ActiveCfg = Release|Any CPU
		{079C93F1-C571-472C-A189-6E40CAC495F0}.Release|Any CPU.Build.0 = Release|Any CPU
	EndGlobalSection
	GlobalSection(SolutionProperties) = preSolution
		HideSolutionNode = FALSE
	EndGlobalSection
	GlobalSection(ExtensibilityGlobals) = postSolution
		SolutionGuid = {D2E023A5-2785-4815-BB81-45A0FF2328B6}
	EndGlobalSection
EndGlobal
